
Microsoft Visual Studio Solution File, Format Version 12.00
# Visual Studio Version 17
VisualStudioVersion = 17.14.36414.22
MinimumVisualStudioVersion = 10.0.40219.1
Project("{FAE04EC0-301F-11D3-BF4B-00C04F79EFBC}") = "BeQuestionBank.API", "BeQuestionBank.API\BeQuestionBank.API.csproj", "{E0DD0A5C-9E78-4336-9D2A-8A33FD52BB9A}"
EndProject
Project("{FAE04EC0-301F-11D3-BF4B-00C04F79EFBC}") = "BeQuestionBank.Domain", "BeQuestionBank.Domain\BeQuestionBank.Domain.csproj", "{6FC1B047-710E-423B-8936-2BD5F74B4381}"
EndProject
Project("{FAE04EC0-301F-11D3-BF4B-00C04F79EFBC}") = "BeQuestionBank.Shared", "BeQuestionBank.Shared\BeQuestionBank.Shared.csproj", "{C8C18B00-7E93-4535-89E5-75796B1C846A}"
EndProject
Project("{FAE04EC0-301F-11D3-BF4B-00C04F79EFBC}") = "BEQuestionBank.Core", "BEQuestionBank.Core\BEQuestionBank.Core.csproj", "{2410C00F-F0EA-4C93-A596-57FB311A2899}"
EndProject
Project("{FAE04EC0-301F-11D3-BF4B-00C04F79EFBC}") = "BeQuestionBank.Test", "BeQuestionBank.Test\BeQuestionBank.Test.csproj", "{42EB69AD-7AF0-4233-ABE1-44BFAFBD1641}"
EndProject
Project("{FAE04EC0-301F-11D3-BF4B-00C04F79EFBC}") = "FEQuestionBank.Client", "FEQuestionBank.Client\FEQuestionBank.Client.csproj", "{DF923C12-3954-4353-8A7B-504E7283806B}"
EndProject
Global
	GlobalSection(SolutionConfigurationPlatforms) = preSolution
		Debug|Any CPU = Debug|Any CPU
		Release|Any CPU = Release|Any CPU
	EndGlobalSection
	GlobalSection(ProjectConfigurationPlatforms) = postSolution
		{E0DD0A5C-9E78-4336-9D2A-8A33FD52BB9A}.Debug|Any CPU.ActiveCfg = Debug|Any CPU
		{E0DD0A5C-9E78-4336-9D2A-8A33FD52BB9A}.Debug|Any CPU.Build.0 = Debug|Any CPU
		{E0DD0A5C-9E78-4336-9D2A-8A33FD52BB9A}.Release|Any CPU.ActiveCfg = Release|Any CPU
		{E0DD0A5C-9E78-4336-9D2A-8A33FD52BB9A}.Release|Any CPU.Build.0 = Release|Any CPU
		{6FC1B047-710E-423B-8936-2BD5F74B4381}.Debug|Any CPU.ActiveCfg = Debug|Any CPU
		{6FC1B047-710E-423B-8936-2BD5F74B4381}.Debug|Any CPU.Build.0 = Debug|Any CPU
		{6FC1B047-710E-423B-8936-2BD5F74B4381}.Release|Any CPU.ActiveCfg = Release|Any CPU
		{6FC1B047-710E-423B-8936-2BD5F74B4381}.Release|Any CPU.Build.0 = Release|Any CPU
		{C8C18B00-7E93-4535-89E5-75796B1C846A}.Debug|Any CPU.ActiveCfg = Debug|Any CPU
		{C8C18B00-7E93-4535-89E5-75796B1C846A}.Debug|Any CPU.Build.0 = Debug|Any CPU
		{C8C18B00-7E93-4535-89E5-75796B1C846A}.Release|Any CPU.ActiveCfg = Release|Any CPU
		{C8C18B00-7E93-4535-89E5-75796B1C846A}.Release|Any CPU.Build.0 = Release|Any CPU
		{2410C00F-F0EA-4C93-A596-57FB311A2899}.Debug|Any CPU.ActiveCfg = Debug|Any CPU
		{2410C00F-F0EA-4C93-A596-57FB311A2899}.Debug|Any CPU.Build.0 = Debug|Any CPU
		{2410C00F-F0EA-4C93-A596-57FB311A2899}.Release|Any CPU.ActiveCfg = Release|Any CPU
		{2410C00F-F0EA-4C93-A596-57FB311A2899}.Release|Any CPU.Build.0 = Release|Any CPU
		{42EB69AD-7AF0-4233-ABE1-44BFAFBD1641}.Debug|Any CPU.ActiveCfg = Debug|Any CPU
		{42EB69AD-7AF0-4233-ABE1-44BFAFBD1641}.Debug|Any CPU.Build.0 = Debug|Any CPU
		{42EB69AD-7AF0-4233-ABE1-44BFAFBD1641}.Release|Any CPU.ActiveCfg = Release|Any CPU
		{42EB69AD-7AF0-4233-ABE1-44BFAFBD1641}.Release|Any CPU.Build.0 = Release|Any CPU
		{DF923C12-3954-4353-8A7B-504E7283806B}.Debug|Any CPU.ActiveCfg = Debug|Any CPU
		{DF923C12-3954-4353-8A7B-504E7283806B}.Debug|Any CPU.Build.0 = Debug|Any CPU
		{DF923C12-3954-4353-8A7B-504E7283806B}.Release|Any CPU.ActiveCfg = Release|Any CPU
		{DF923C12-3954-4353-8A7B-504E7283806B}.Release|Any CPU.Build.0 = Release|Any CPU
	EndGlobalSection
	GlobalSection(SolutionProperties) = preSolution
		HideSolutionNode = FALSE
	EndGlobalSection
	GlobalSection(ExtensibilityGlobals) = postSolution
		SolutionGuid = {E316A864-BC83-4379-99B1-DD232EAC8DA1}
	EndGlobalSection
EndGlobal
